// !$*UTF8*$!
{
	archiveVersion = 1;
	classes = {
	};
	objectVersion = 46;
	objects = {

/* Begin PBXBuildFile section */
		E9E1011A1CAB131C009F823A /* main.m in Sources */ = {isa = PBXBuildFile; fileRef = E9E101191CAB131C009F823A /* main.m */; };
		E9E1011D1CAB131C009F823A /* AppDelegate.m in Sources */ = {isa = PBXBuildFile; fileRef = E9E1011C1CAB131C009F823A /* AppDelegate.m */; };
		E9E101201CAB131C009F823A /* ViewController.m in Sources */ = {isa = PBXBuildFile; fileRef = E9E1011F1CAB131C009F823A /* ViewController.m */; };
		E9E101231CAB131C009F823A /* Main.storyboard in Resources */ = {isa = PBXBuildFile; fileRef = E9E101211CAB131C009F823A /* Main.storyboard */; };
		E9E101251CAB131C009F823A /* Assets.xcassets in Resources */ = {isa = PBXBuildFile; fileRef = E9E101241CAB131C009F823A /* Assets.xcassets */; };
		E9E101281CAB131C009F823A /* LaunchScreen.storyboard in Resources */ = {isa = PBXBuildFile; fileRef = E9E101261CAB131C009F823A /* LaunchScreen.storyboard */; };
/* End PBXBuildFile section */

/* Begin PBXFileReference section */
		E9E101151CAB131C009F823A /* WheresHere.app */ = {isa = PBXFileReference; explicitFileType = wrapper.application; includeInIndex = 0; path = WheresHere.app; sourceTree = BUILT_PRODUCTS_DIR; };
		E9E101191CAB131C009F823A /* main.m */ = {isa = PBXFileReference; lastKnownFileType = sourcecode.c.objc; path = main.m; sourceTree = "<group>"; };
		E9E1011B1CAB131C009F823A /* AppDelegate.h */ = {isa = PBXFileReference; lastKnownFileType = sourcecode.c.h; path = AppDelegate.h; sourceTree = "<group>"; };
		E9E1011C1CAB131C009F823A /* AppDelegate.m */ = {isa = PBXFileReference; lastKnownFileType = sourcecode.c.objc; path = AppDelegate.m; sourceTree = "<group>"; };
		E9E1011E1CAB131C009F823A /* ViewController.h */ = {isa = PBXFileReference; lastKnownFileType = sourcecode.c.h; path = ViewController.h; sourceTree = "<group>"; };
		E9E1011F1CAB131C009F823A /* ViewController.m */ = {isa = PBXFileReference; lastKnownFileType = sourcecode.c.objc; path = ViewController.m; sourceTree = "<group>"; };
		E9E101221CAB131C009F823A /* Base */ = {isa = PBXFileReference; lastKnownFileType = file.storyboard; name = Base; path = Base.lproj/Main.storyboard; sourceTree = "<group>"; };
		E9E101241CAB131C009F823A /* Assets.xcassets */ = {isa = PBXFileReference; lastKnownFileType = folder.assetcatalog; path = Assets.xcassets; sourceTree = "<group>"; };
		E9E101271CAB131C009F823A /* Base */ = {isa = PBXFileReference; lastKnownFileType = file.storyboard; name = Base; path = Base.lproj/LaunchScreen.storyboard; sourceTree = "<group>"; };
		E9E101291CAB131C009F823A /* Info.plist */ = {isa = PBXFileReference; lastKnownFileType = text.plist.xml; path = Info.plist; sourceTree = "<group>"; };
/* End PBXFileReference section */

/* Begin PBXFrameworksBuildPhase section */
		E9E101121CAB131C009F823A /* Frameworks */ = {
			isa = PBXFrameworksBuildPhase;
			buildActionMask = 2147483647;
			files = (
			);
			runOnlyForDeploymentPostprocessing = 0;
		};
/* End PBXFrameworksBuildPhase section */

/* Begin PBXGroup section */
		E9E1010C1CAB131C009F823A = {
			isa = PBXGroup;
			children = (
				E9E101171CAB131C009F823A /* WheresHere */,
				E9E101161CAB131C009F823A /* Products */,
			);
			sourceTree = "<group>";
		};
		E9E101161CAB131C009F823A /* Products */ = {
			isa = PBXGroup;
			children = (
				E9E101151CAB131C009F823A /* WheresHere.app */,
			);
			name = Products;
			sourceTree = "<group>";
		};
		E9E101171CAB131C009F823A /* WheresHere */ = {
			isa = PBXGroup;
			children = (
				E9E1011B1CAB131C009F823A /* AppDelegate.h */,
				E9E1011C1CAB131C009F823A /* AppDelegate.m */,
				E9E1011E1CAB131C009F823A /* ViewController.h */,
				E9E1011F1CAB131C009F823A /* ViewController.m */,
				E9E101211CAB131C009F823A /* Main.storyboard */,
				E9E101241CAB131C009F823A /* Assets.xcassets */,
				E9E101261CAB131C009F823A /* LaunchScreen.storyboard */,
				E9E101291CAB131C009F823A /* Info.plist */,
				E9E101181CAB131C009F823A /* Supporting Files */,
			);
			path = WheresHere;
			sourceTree = "<group>";
		};
		E9E101181CAB131C009F823A /* Supporting Files */ = {
			isa = PBXGroup;
			children = (
				E9E101191CAB131C009F823A /* main.m */,
			);
			name = "Supporting Files";
			sourceTree = "<group>";
		};
/* End PBXGroup section */

/* Begin PBXNativeTarget section */
		E9E101141CAB131C009F823A /* WheresHere */ = {
			isa = PBXNativeTarget;
			buildConfigurationList = E9E1012C1CAB131C009F823A /* Build configuration list for PBXNativeTarget "WheresHere" */;
			buildPhases = (
				E9E101111CAB131C009F823A /* Sources */,
				E9E101121CAB131C009F823A /* Frameworks */,
				E9E101131CAB131C009F823A /* Resources */,
			);
			buildRules = (
			);
			dependencies = (
			);
			name = WheresHere;
			productName = WheresHere;
			productReference = E9E101151CAB131C009F823A /* WheresHere.app */;
			productType = "com.apple.product-type.application";
		};
/* End PBXNativeTarget section */

/* Begin PBXProject section */
		E9E1010D1CAB131C009F823A /* Project object */ = {
			isa = PBXProject;
			attributes = {
				LastUpgradeCheck = 0720;
				ORGANIZATIONNAME = CodeLab;
				TargetAttributes = {
					E9E101141CAB131C009F823A = {
						CreatedOnToolsVersion = 7.2.1;
					};
				};
			};
			buildConfigurationList = E9E101101CAB131C009F823A /* Build configuration list for PBXProject "WheresHere" */;
			compatibilityVersion = "Xcode 3.2";
			developmentRegion = English;
			hasScannedForEncodings = 0;
			knownRegions = (
				en,
				Base,
			);
			mainGroup = E9E1010C1CAB131C009F823A;
			productRefGroup = E9E101161CAB131C009F823A /* Products */;
			projectDirPath = "";
			projectRoot = "";
			targets = (
				E9E101141CAB131C009F823A /* WheresHere */,
			);
		};
/* End PBXProject section */

/* Begin PBXResourcesBuildPhase section */
		E9E101131CAB131C009F823A /* Resources */ = {
			isa = PBXResourcesBuildPhase;
			buildActionMask = 2147483647;
			files = (
				E9E101281CAB131C009F823A /* LaunchScreen.storyboard in Resources */,
				E9E101251CAB131C009F823A /* Assets.xcassets in Resources */,
				E9E101231CAB131C009F823A /* Main.storyboard in Resources */,
			);
			runOnlyForDeploymentPostprocessing = 0;
		};
/* End PBXResourcesBuildPhase section */

/* Begin PBXSourcesBuildPhase section */
		E9E101111CAB131C009F823A /* Sources */ = {
			isa = PBXSourcesBuildPhase;
			buildActionMask = 2147483647;
			files = (
				E9E101201CAB131C009F823A /* ViewController.m in Sources */,
				E9E1011D1CAB131C009F823A /* AppDelegate.m in Sources */,
				E9E1011A1CAB131C009F823A /* main.m in Sources */,
			);
			runOnlyForDeploymentPostprocessing = 0;
		};
/* End PBXSourcesBuildPhase section */

/* Begin PBXVariantGroup section */
		E9E101211CAB131C009F823A /* Main.storyboard */ = {
			isa = PBXVariantGroup;
			children = (
				E9E101221CAB131C009F823A /* Base */,
			);
			name = Main.storyboard;
			sourceTree = "<group>";
		};
		E9E101261CAB131C009F823A /* LaunchScreen.storyboard */ = {
			isa = PBXVariantGroup;
			children = (
				E9E101271CAB131C009F823A /* Base */,
			);
			name = LaunchScreen.storyboard;
			sourceTree = "<group>";
		};
/* End PBXVariantGroup section */

/* Begin XCBuildConfiguration section */
		E9E1012A1CAB131C009F823A /* Debug */ = {
			isa = XCBuildConfiguration;
			buildSettings = {
				ALWAYS_SEARCH_USER_PATHS = NO;
				CLANG_CXX_LANGUAGE_STANDARD = "gnu++0x";
				CLANG_CXX_LIBRARY = "libc++";
				CLANG_ENABLE_MODULES = YES;
				CLANG_ENABLE_OBJC_ARC = YES;
				CLANG_WARN_BOOL_CONVERSION = YES;
				CLANG_WARN_CONSTANT_CONVERSION = YES;
				CLANG_WARN_DIRECT_OBJC_ISA_USAGE = YES_ERROR;
				CLANG_WARN_EMPTY_BODY = YES;
				CLANG_WARN_ENUM_CONVERSION = YES;
				CLANG_WARN_INT_CONVERSION = YES;
				CLANG_WARN_OBJC_ROOT_CLASS = YES_ERROR;
				CLANG_WARN_UNREACHABLE_CODE = YES;
				CLANG_WARN__DUPLICATE_METHOD_MATCH = YES;
				"CODE_SIGN_IDENTITY[sdk=iphoneos*]" = "iPhone Developer";
				COPY_PHASE_STRIP = NO;
				DEBUG_INFORMATION_FORMAT = dwarf;
				ENABLE_STRICT_OBJC_MSGSEND = YES;
				ENABLE_TESTABILITY = YES;
				GCC_C_LANGUAGE_STANDARD = gnu99;
				GCC_DYNAMIC_NO_PIC = NO;
				GCC_NO_COMMON_BLOCKS = YES;
				GCC_OPTIMIZATION_LEVEL = 0;
				GCC_PREPROCESSOR_DEFINITIONS = (
					"DEBUG=1",
					"$(inherited)",
				);
				GCC_WARN_64_TO_32_BIT_CONVERSION = YES;
				GCC_WARN_ABOUT_RETURN_TYPE = YES_ERROR;
				GCC_WARN_UNDECLARED_SELECTOR = YES;
				GCC_WARN_UNINITIALIZED_AUTOS = YES_AGGRESSIVE;
				GCC_WARN_UNUSED_FUNCTION = YES;
				GCC_WARN_UNUSED_VARIABLE = YES;
				IPHONEOS_DEPLOYMENT_TARGET = 9.2;
				MTL_ENABLE_DEBUG_INFO = YES;
				ONLY_ACTIVE_ARCH = YES;
				SDKROOT = iphoneos;
			};
			name = Debug;
		};
		E9E1012B1CAB131C009F823A /* Release */ = {
			isa = XCBuildConfiguration;
			buildSettings = {
				ALWAYS_SEARCH_USER_PATHS = NO;
				CLANG_CXX_LANGUAGE_STANDARD = "gnu++0x";
				CLANG_CXX_LIBRARY = "libc++";
				CLANG_ENABLE_MODULES = YES;
				CLANG_ENABLE_OBJC_ARC = YES;
				CLANG_WARN_BOOL_CONVERSION = YES;
				CLANG_WARN_CONSTANT_CONVERSION = YES;
				CLANG_WARN_DIRECT_OBJC_ISA_USAGE = YES_ERROR;
				CLANG_WARN_EMPTY_BODY = YES;
				CLANG_WARN_ENUM_CONVERSION = YES;
				CLANG_WARN_INT_CONVERSION = YES;
				CLANG_WARN_OBJC_ROOT_CLASS = YES_ERROR;
				CLANG_WARN_UNREACHABLE_CODE = YES;
				CLANG_WARN__DUPLICATE_METHOD_MATCH = YES;
				"CODE_SIGN_IDENTITY[sdk=iphoneos*]" = "iPhone Developer";
				COPY_PHASE_STRIP = NO;
				DEBUG_INFORMATION_FORMAT = "dwarf-with-dsym";
				ENABLE_NS_ASSERTIONS = NO;
				ENABLE_STRICT_OBJC_MSGSEND = YES;
				GCC_C_LANGUAGE_STANDARD = gnu99;
				GCC_NO_COMMON_BLOCKS = YES;
				GCC_WARN_64_TO_32_BIT_CONVERSION = YES;
				GCC_WARN_ABOUT_RETURN_TYPE = YES_ERROR;
				GCC_WARN_UNDECLARED_SELECTOR = YES;
				GCC_WARN_UNINITIALIZED_AUTOS = YES_AGGRESSIVE;
				GCC_WARN_UNUSED_FUNCTION = YES;
				GCC_WARN_UNUSED_VARIABLE = YES;
				IPHONEOS_DEPLOYMENT_TARGET = 9.2;
				MTL_ENABLE_DEBUG_INFO = NO;
				SDKROOT = iphoneos;
				VALIDATE_PRODUCT = YES;
			};
			name = Release;
		};
		E9E1012D1CAB131C009F823A /* Debug */ = {
			isa = XCBuildConfiguration;
			buildSettings = {
				ASSETCATALOG_COMPILER_APPICON_NAME = AppIcon;
				INFOPLIST_FILE = WheresHere/Info.plist;
				LD_RUNPATH_SEARCH_PATHS = "$(inherited) @executable_path/Frameworks";
				PRODUCT_BUNDLE_IDENTIFIER = CodeLab.WheresHere;
				PRODUCT_NAME = "$(TARGET_NAME)";
			};
			name = Debug;
		};
		E9E1012E1CAB131C009F823A /* Release */ = {
			isa = XCBuildConfiguration;
			buildSettings = {
				ASSETCATALOG_COMPILER_APPICON_NAME = AppIcon;
				INFOPLIST_FILE = WheresHere/Info.plist;
				LD_RUNPATH_SEARCH_PATHS = "$(inherited) @executable_path/Frameworks";
				PRODUCT_BUNDLE_IDENTIFIER = CodeLab.WheresHere;
				PRODUCT_NAME = "$(TARGET_NAME)";
			};
			name = Release;
		};
/* End XCBuildConfiguration section */

/* Begin XCConfigurationList section */
		E9E101101CAB131C009F823A /* Build configuration list for PBXProject "WheresHere" */ = {
			isa = XCConfigurationList;
			buildConfigurations = (
				E9E1012A1CAB131C009F823A /* Debug */,
				E9E1012B1CAB131C009F823A /* Release */,
			);
			defaultConfigurationIsVisible = 0;
			defaultConfigurationName = Release;
		};
		E9E1012C1CAB131C009F823A /* Build configuration list for PBXNativeTarget "WheresHere" */ = {
			isa = XCConfigurationList;
			buildConfigurations = (
				E9E1012D1CAB131C009F823A /* Debug */,
				E9E1012E1CAB131C009F823A /* Release */,
			);
			defaultConfigurationIsVisible = 0;
		};
/* End XCConfigurationList section */
	};
	rootObject = E9E1010D1CAB131C009F823A /* Project object */;
}
